
Microsoft Visual Studio Solution File, Format Version 12.00
# Visual Studio 14
VisualStudioVersion = 14.0.23107.0
MinimumVisualStudioVersion = 10.0.40219.1
Project("{FAE04EC0-301F-11D3-BF4B-00C04F79EFBC}") = "CricketIntegration", "CricketIntegration\CricketIntegration.csproj", "{7DDCC122-6E52-4B5D-8257-E4257D7B041A}"
EndProject
Project("{FAE04EC0-301F-11D3-BF4B-00C04F79EFBC}") = "CricketIntegration.ExternalServices.Slack", "CricketIntegration.ExternalServices.Slack\CricketIntegration.ExternalServices.Slack.csproj", "{53A1AB92-FE20-4B6B-B261-1404D94E5A18}"
EndProject
Global
	GlobalSection(SolutionConfigurationPlatforms) = preSolution
		Debug|Any CPU = Debug|Any CPU
		Release|Any CPU = Release|Any CPU
	EndGlobalSection
	GlobalSection(ProjectConfigurationPlatforms) = postSolution
		{7DDCC122-6E52-4B5D-8257-E4257D7B041A}.Debug|Any CPU.ActiveCfg = Debug|Any CPU
		{7DDCC122-6E52-4B5D-8257-E4257D7B041A}.Debug|Any CPU.Build.0 = Debug|Any CPU
		{7DDCC122-6E52-4B5D-8257-E4257D7B041A}.Release|Any CPU.ActiveCfg = Release|Any CPU
		{7DDCC122-6E52-4B5D-8257-E4257D7B041A}.Release|Any CPU.Build.0 = Release|Any CPU
		{53A1AB92-FE20-4B6B-B261-1404D94E5A18}.Debug|Any CPU.ActiveCfg = Debug|Any CPU
		{53A1AB92-FE20-4B6B-B261-1404D94E5A18}.Debug|Any CPU.Build.0 = Debug|Any CPU
		{53A1AB92-FE20-4B6B-B261-1404D94E5A18}.Release|Any CPU.ActiveCfg = Release|Any CPU
		{53A1AB92-FE20-4B6B-B261-1404D94E5A18}.Release|Any CPU.Build.0 = Release|Any CPU
	EndGlobalSection
	GlobalSection(SolutionProperties) = preSolution
		HideSolutionNode = FALSE
	EndGlobalSection
EndGlobal
